{
  "nodes": {
    "flake-utils": {
      "locked": {
        "lastModified": 1644229661,
        "narHash": "sha256-1YdnJAsNy69bpcjuoKdOYQX0YxZBiCYZo4Twxerqv7k=",
        "owner": "numtide",
        "repo": "flake-utils",
        "rev": "3cecb5b042f7f209c56ffd8371b2711a290ec797",
        "type": "github"
      },
      "original": {
        "owner": "numtide",
        "repo": "flake-utils",
        "type": "github"
      }
    },
    "haskell-flake-utils": {
      "inputs": {
        "flake-utils": "flake-utils"
      },
      "locked": {
        "lastModified": 1672412555,
        "narHash": "sha256-Kaa8F7nQFR3KuS6Y9WRUxeJeZlp6CCubyrRfmiEsW4k=",
        "owner": "ivanovs-4",
        "repo": "haskell-flake-utils",
        "rev": "896219e5bde6efac72198550454e9dd9b5ed9ac9",
        "type": "github"
      },
      "original": {
        "owner": "ivanovs-4",
        "repo": "haskell-flake-utils",
        "type": "github"
      }
    },
    "nixpkgs": {
      "locked": {
        "lastModified": 1681285065,
        "narHash": "sha256-8gtobiSz/tgK89AAyD5TnaSzX8rp4QRibXnH8Fl3BdM=",
        "owner": "NixOS",
        "repo": "nixpkgs",
        "rev": "c707583645406a98df72440f5bd28f6c707db894",
        "type": "github"
      },
      "original": {
        "owner": "NixOS",
        "ref": "nixos-unstable-small",
        "repo": "nixpkgs",
        "type": "github"
      }
    },
    "root": {
      "inputs": {
        "haskell-flake-utils": "haskell-flake-utils",
        "nixpkgs": "nixpkgs"
      }
    }
  },
  "root": "root",
  "version": 7
}
